
Microsoft Visual Studio Solution File, Format Version 12.00
# Visual Studio Version 17
VisualStudioVersion = 17.6.33829.357
MinimumVisualStudioVersion = 10.0.40219.1
Project("{FAE04EC0-301F-11D3-BF4B-00C04F79EFBC}") = "TikTakToe KI", "TikTakToe KI\TikTakToe KI.csproj", "{56F477B9-4514-4F47-A94C-DC722404956B}"
EndProject
Global
	GlobalSection(SolutionConfigurationPlatforms) = preSolution
		Debug|Any CPU = Debug|Any CPU
		Release|Any CPU = Release|Any CPU
	EndGlobalSection
	GlobalSection(ProjectConfigurationPlatforms) = postSolution
		{56F477B9-4514-4F47-A94C-DC722404956B}.Debug|Any CPU.ActiveCfg = Debug|Any CPU
		{56F477B9-4514-4F47-A94C-DC722404956B}.Debug|Any CPU.Build.0 = Debug|Any CPU
		{56F477B9-4514-4F47-A94C-DC722404956B}.Release|Any CPU.ActiveCfg = Release|Any CPU
		{56F477B9-4514-4F47-A94C-DC722404956B}.Release|Any CPU.Build.0 = Release|Any CPU
	EndGlobalSection
	GlobalSection(SolutionProperties) = preSolution
		HideSolutionNode = FALSE
	EndGlobalSection
	GlobalSection(ExtensibilityGlobals) = postSolution
		SolutionGuid = {6349DABA-7A47-4BBA-9513-3A38FF99700A}
	EndGlobalSection
EndGlobal
